
Microsoft Visual Studio Solution File, Format Version 12.00
# Visual Studio Version 16
VisualStudioVersion = 16.0.30517.126
MinimumVisualStudioVersion = 10.0.40219.1
Project("{9A19103F-16F7-4668-BE54-9A1E7A4F7556}") = "Secure.Api", "Casolve.Secure.Api\Secure.Api.csproj", "{034EC83B-DA8E-4BC1-A80A-6681E97ECB81}"
EndProject
Project("{9A19103F-16F7-4668-BE54-9A1E7A4F7556}") = "EntityLayer", "EntityLayer\EntityLayer.csproj", "{A80C0C42-0421-4AB9-A447-A64FCCA86BC9}"
EndProject
Project("{9A19103F-16F7-4668-BE54-9A1E7A4F7556}") = "RepositoryLayer", "RepositoryLayer\RepositoryLayer.csproj", "{07C3E1A1-D123-4B85-B797-10C0574AB3E9}"
EndProject
Project("{9A19103F-16F7-4668-BE54-9A1E7A4F7556}") = "UnitOfWork", "UnitOfWork\UnitOfWork.csproj", "{8094DEEF-1A7B-4DAC-BFCD-0A15DDF6D71E}"
EndProject
Project("{9A19103F-16F7-4668-BE54-9A1E7A4F7556}") = "CommonLayer", "CommonLayer\CommonLayer.csproj", "{2DAC5AC9-A832-4B4A-8FA7-1E67201E141F}"
EndProject
Global
	GlobalSection(SolutionConfigurationPlatforms) = preSolution
		Debug|Any CPU = Debug|Any CPU
		Release|Any CPU = Release|Any CPU
	EndGlobalSection
	GlobalSection(ProjectConfigurationPlatforms) = postSolution
		{034EC83B-DA8E-4BC1-A80A-6681E97ECB81}.Debug|Any CPU.ActiveCfg = Debug|Any CPU
		{034EC83B-DA8E-4BC1-A80A-6681E97ECB81}.Debug|Any CPU.Build.0 = Debug|Any CPU
		{034EC83B-DA8E-4BC1-A80A-6681E97ECB81}.Release|Any CPU.ActiveCfg = Release|Any CPU
		{034EC83B-DA8E-4BC1-A80A-6681E97ECB81}.Release|Any CPU.Build.0 = Release|Any CPU
		{A80C0C42-0421-4AB9-A447-A64FCCA86BC9}.Debug|Any CPU.ActiveCfg = Debug|Any CPU
		{A80C0C42-0421-4AB9-A447-A64FCCA86BC9}.Debug|Any CPU.Build.0 = Debug|Any CPU
		{A80C0C42-0421-4AB9-A447-A64FCCA86BC9}.Release|Any CPU.ActiveCfg = Release|Any CPU
		{A80C0C42-0421-4AB9-A447-A64FCCA86BC9}.Release|Any CPU.Build.0 = Release|Any CPU
		{07C3E1A1-D123-4B85-B797-10C0574AB3E9}.Debug|Any CPU.ActiveCfg = Debug|Any CPU
		{07C3E1A1-D123-4B85-B797-10C0574AB3E9}.Debug|Any CPU.Build.0 = Debug|Any CPU
		{07C3E1A1-D123-4B85-B797-10C0574AB3E9}.Release|Any CPU.ActiveCfg = Release|Any CPU
		{07C3E1A1-D123-4B85-B797-10C0574AB3E9}.Release|Any CPU.Build.0 = Release|Any CPU
		{8094DEEF-1A7B-4DAC-BFCD-0A15DDF6D71E}.Debug|Any CPU.ActiveCfg = Debug|Any CPU
		{8094DEEF-1A7B-4DAC-BFCD-0A15DDF6D71E}.Debug|Any CPU.Build.0 = Debug|Any CPU
		{8094DEEF-1A7B-4DAC-BFCD-0A15DDF6D71E}.Release|Any CPU.ActiveCfg = Release|Any CPU
		{8094DEEF-1A7B-4DAC-BFCD-0A15DDF6D71E}.Release|Any CPU.Build.0 = Release|Any CPU
		{2DAC5AC9-A832-4B4A-8FA7-1E67201E141F}.Debug|Any CPU.ActiveCfg = Debug|Any CPU
		{2DAC5AC9-A832-4B4A-8FA7-1E67201E141F}.Debug|Any CPU.Build.0 = Debug|Any CPU
		{2DAC5AC9-A832-4B4A-8FA7-1E67201E141F}.Release|Any CPU.ActiveCfg = Release|Any CPU
		{2DAC5AC9-A832-4B4A-8FA7-1E67201E141F}.Release|Any CPU.Build.0 = Release|Any CPU
	EndGlobalSection
	GlobalSection(SolutionProperties) = preSolution
		HideSolutionNode = FALSE
	EndGlobalSection
	GlobalSection(ExtensibilityGlobals) = postSolution
		SolutionGuid = {EA85D9FA-DD4B-4C67-87CE-EDCF78FF7D7A}
	EndGlobalSection
EndGlobal
